// !$*UTF8*$!
{
	archiveVersion = 1;
	classes = {
	};
	objectVersion = 46;
	objects = {

/* Begin PBXBuildFile section */
		FA36638B1BD7049600A04CEB /* main.m in Sources */ = {isa = PBXBuildFile; fileRef = FA36638A1BD7049600A04CEB /* main.m */; };
		FA3663931BD704FA00A04CEB /* InputCollector.m in Sources */ = {isa = PBXBuildFile; fileRef = FA3663921BD704FA00A04CEB /* InputCollector.m */; settings = {ASSET_TAGS = (); }; };
		FA3663991BD7112600A04CEB /* Contact.m in Sources */ = {isa = PBXBuildFile; fileRef = FA3663981BD7112600A04CEB /* Contact.m */; settings = {ASSET_TAGS = (); }; };
/* End PBXBuildFile section */

/* Begin PBXCopyFilesBuildPhase section */
		FA3663851BD7049600A04CEB /* CopyFiles */ = {
			isa = PBXCopyFilesBuildPhase;
			buildActionMask = 2147483647;
			dstPath = /usr/share/man/man1/;
			dstSubfolderSpec = 0;
			files = (
			);
			runOnlyForDeploymentPostprocessing = 1;
		};
/* End PBXCopyFilesBuildPhase section */

/* Begin PBXFileReference section */
		FA3663871BD7049600A04CEB /* Contact Lists */ = {isa = PBXFileReference; explicitFileType = "compiled.mach-o.executable"; includeInIndex = 0; path = "Contact Lists"; sourceTree = BUILT_PRODUCTS_DIR; };
		FA36638A1BD7049600A04CEB /* main.m */ = {isa = PBXFileReference; lastKnownFileType = sourcecode.c.objc; path = main.m; sourceTree = "<group>"; };
		FA3663911BD704FA00A04CEB /* InputCollector.h */ = {isa = PBXFileReference; fileEncoding = 4; lastKnownFileType = sourcecode.c.h; name = InputCollector.h; path = ../InputCollector.h; sourceTree = "<group>"; };
		FA3663921BD704FA00A04CEB /* InputCollector.m */ = {isa = PBXFileReference; fileEncoding = 4; lastKnownFileType = sourcecode.c.objc; name = InputCollector.m; path = ../InputCollector.m; sourceTree = "<group>"; };
		FA3663971BD7112600A04CEB /* Contact.h */ = {isa = PBXFileReference; fileEncoding = 4; lastKnownFileType = sourcecode.c.h; path = Contact.h; sourceTree = "<group>"; };
		FA3663981BD7112600A04CEB /* Contact.m */ = {isa = PBXFileReference; fileEncoding = 4; lastKnownFileType = sourcecode.c.objc; path = Contact.m; sourceTree = "<group>"; };
/* End PBXFileReference section */

/* Begin PBXFrameworksBuildPhase section */
		FA3663841BD7049600A04CEB /* Frameworks */ = {
			isa = PBXFrameworksBuildPhase;
			buildActionMask = 2147483647;
			files = (
			);
			runOnlyForDeploymentPostprocessing = 0;
		};
/* End PBXFrameworksBuildPhase section */

/* Begin PBXGroup section */
		FA36637E1BD7049600A04CEB = {
			isa = PBXGroup;
			children = (
				FA3663891BD7049600A04CEB /* Contact Lists */,
				FA3663881BD7049600A04CEB /* Products */,
			);
			sourceTree = "<group>";
		};
		FA3663881BD7049600A04CEB /* Products */ = {
			isa = PBXGroup;
			children = (
				FA3663871BD7049600A04CEB /* Contact Lists */,
			);
			name = Products;
			sourceTree = "<group>";
		};
		FA3663891BD7049600A04CEB /* Contact Lists */ = {
			isa = PBXGroup;
			children = (
				FA36638A1BD7049600A04CEB /* main.m */,
				FA3663971BD7112600A04CEB /* Contact.h */,
				FA3663981BD7112600A04CEB /* Contact.m */,
				FA3663911BD704FA00A04CEB /* InputCollector.h */,
				FA3663921BD704FA00A04CEB /* InputCollector.m */,
			);
			path = "Contact Lists";
			sourceTree = "<group>";
		};
/* End PBXGroup section */

/* Begin PBXNativeTarget section */
		FA3663861BD7049600A04CEB /* Contact Lists */ = {
			isa = PBXNativeTarget;
			buildConfigurationList = FA36638E1BD7049600A04CEB /* Build configuration list for PBXNativeTarget "Contact Lists" */;
			buildPhases = (
				FA3663831BD7049600A04CEB /* Sources */,
				FA3663841BD7049600A04CEB /* Frameworks */,
				FA3663851BD7049600A04CEB /* CopyFiles */,
			);
			buildRules = (
			);
			dependencies = (
			);
			name = "Contact Lists";
			productName = "Contact Lists";
			productReference = FA3663871BD7049600A04CEB /* Contact Lists */;
			productType = "com.apple.product-type.tool";
		};
/* End PBXNativeTarget section */

/* Begin PBXProject section */
		FA36637F1BD7049600A04CEB /* Project object */ = {
			isa = PBXProject;
			attributes = {
				LastUpgradeCheck = 0700;
				ORGANIZATIONNAME = Alex;
				TargetAttributes = {
					FA3663861BD7049600A04CEB = {
						CreatedOnToolsVersion = 7.0.1;
					};
				};
			};
			buildConfigurationList = FA3663821BD7049600A04CEB /* Build configuration list for PBXProject "Contact Lists" */;
			compatibilityVersion = "Xcode 3.2";
			developmentRegion = English;
			hasScannedForEncodings = 0;
			knownRegions = (
				en,
			);
			mainGroup = FA36637E1BD7049600A04CEB;
			productRefGroup = FA3663881BD7049600A04CEB /* Products */;
			projectDirPath = "";
			projectRoot = "";
			targets = (
				FA3663861BD7049600A04CEB /* Contact Lists */,
			);
		};
/* End PBXProject section */

/* Begin PBXSourcesBuildPhase section */
		FA3663831BD7049600A04CEB /* Sources */ = {
			isa = PBXSourcesBuildPhase;
			buildActionMask = 2147483647;
			files = (
				FA3663931BD704FA00A04CEB /* InputCollector.m in Sources */,
				FA3663991BD7112600A04CEB /* Contact.m in Sources */,
				FA36638B1BD7049600A04CEB /* main.m in Sources */,
			);
			runOnlyForDeploymentPostprocessing = 0;
		};
/* End PBXSourcesBuildPhase section */

/* Begin XCBuildConfiguration section */
		FA36638C1BD7049600A04CEB /* Debug */ = {
			isa = XCBuildConfiguration;
			buildSettings = {
				ALWAYS_SEARCH_USER_PATHS = NO;
				CLANG_CXX_LANGUAGE_STANDARD = "gnu++0x";
				CLANG_CXX_LIBRARY = "libc++";
				CLANG_ENABLE_MODULES = YES;
				CLANG_ENABLE_OBJC_ARC = YES;
				CLANG_WARN_BOOL_CONVERSION = YES;
				CLANG_WARN_CONSTANT_CONVERSION = YES;
				CLANG_WARN_DIRECT_OBJC_ISA_USAGE = YES_ERROR;
				CLANG_WARN_EMPTY_BODY = YES;
				CLANG_WARN_ENUM_CONVERSION = YES;
				CLANG_WARN_INT_CONVERSION = YES;
				CLANG_WARN_OBJC_ROOT_CLASS = YES_ERROR;
				CLANG_WARN_UNREACHABLE_CODE = YES;
				CLANG_WARN__DUPLICATE_METHOD_MATCH = YES;
				COPY_PHASE_STRIP = NO;
				DEBUG_INFORMATION_FORMAT = dwarf;
				ENABLE_STRICT_OBJC_MSGSEND = YES;
				ENABLE_TESTABILITY = YES;
				GCC_C_LANGUAGE_STANDARD = gnu99;
				GCC_DYNAMIC_NO_PIC = NO;
				GCC_NO_COMMON_BLOCKS = YES;
				GCC_OPTIMIZATION_LEVEL = 0;
				GCC_PREPROCESSOR_DEFINITIONS = (
					"DEBUG=1",
					"$(inherited)",
				);
				GCC_WARN_64_TO_32_BIT_CONVERSION = YES;
				GCC_WARN_ABOUT_RETURN_TYPE = YES_ERROR;
				GCC_WARN_UNDECLARED_SELECTOR = YES;
				GCC_WARN_UNINITIALIZED_AUTOS = YES_AGGRESSIVE;
				GCC_WARN_UNUSED_FUNCTION = YES;
				GCC_WARN_UNUSED_VARIABLE = YES;
				MACOSX_DEPLOYMENT_TARGET = 10.11;
				MTL_ENABLE_DEBUG_INFO = YES;
				ONLY_ACTIVE_ARCH = YES;
				SDKROOT = macosx;
			};
			name = Debug;
		};
		FA36638D1BD7049600A04CEB /* Release */ = {
			isa = XCBuildConfiguration;
			buildSettings = {
				ALWAYS_SEARCH_USER_PATHS = NO;
				CLANG_CXX_LANGUAGE_STANDARD = "gnu++0x";
				CLANG_CXX_LIBRARY = "libc++";
				CLANG_ENABLE_MODULES = YES;
				CLANG_ENABLE_OBJC_ARC = YES;
				CLANG_WARN_BOOL_CONVERSION = YES;
				CLANG_WARN_CONSTANT_CONVERSION = YES;
				CLANG_WARN_DIRECT_OBJC_ISA_USAGE = YES_ERROR;
				CLANG_WARN_EMPTY_BODY = YES;
				CLANG_WARN_ENUM_CONVERSION = YES;
				CLANG_WARN_INT_CONVERSION = YES;
				CLANG_WARN_OBJC_ROOT_CLASS = YES_ERROR;
				CLANG_WARN_UNREACHABLE_CODE = YES;
				CLANG_WARN__DUPLICATE_METHOD_MATCH = YES;
				COPY_PHASE_STRIP = NO;
				DEBUG_INFORMATION_FORMAT = "dwarf-with-dsym";
				ENABLE_NS_ASSERTIONS = NO;
				ENABLE_STRICT_OBJC_MSGSEND = YES;
				GCC_C_LANGUAGE_STANDARD = gnu99;
				GCC_NO_COMMON_BLOCKS = YES;
				GCC_WARN_64_TO_32_BIT_CONVERSION = YES;
				GCC_WARN_ABOUT_RETURN_TYPE = YES_ERROR;
				GCC_WARN_UNDECLARED_SELECTOR = YES;
				GCC_WARN_UNINITIALIZED_AUTOS = YES_AGGRESSIVE;
				GCC_WARN_UNUSED_FUNCTION = YES;
				GCC_WARN_UNUSED_VARIABLE = YES;
				MACOSX_DEPLOYMENT_TARGET = 10.11;
				MTL_ENABLE_DEBUG_INFO = NO;
				SDKROOT = macosx;
			};
			name = Release;
		};
		FA36638F1BD7049600A04CEB /* Debug */ = {
			isa = XCBuildConfiguration;
			buildSettings = {
				PRODUCT_NAME = "$(TARGET_NAME)";
			};
			name = Debug;
		};
		FA3663901BD7049600A04CEB /* Release */ = {
			isa = XCBuildConfiguration;
			buildSettings = {
				PRODUCT_NAME = "$(TARGET_NAME)";
			};
			name = Release;
		};
/* End XCBuildConfiguration section */

/* Begin XCConfigurationList section */
		FA3663821BD7049600A04CEB /* Build configuration list for PBXProject "Contact Lists" */ = {
			isa = XCConfigurationList;
			buildConfigurations = (
				FA36638C1BD7049600A04CEB /* Debug */,
				FA36638D1BD7049600A04CEB /* Release */,
			);
			defaultConfigurationIsVisible = 0;
			defaultConfigurationName = Release;
		};
		FA36638E1BD7049600A04CEB /* Build configuration list for PBXNativeTarget "Contact Lists" */ = {
			isa = XCConfigurationList;
			buildConfigurations = (
				FA36638F1BD7049600A04CEB /* Debug */,
				FA3663901BD7049600A04CEB /* Release */,
			);
			defaultConfigurationIsVisible = 0;
		};
/* End XCConfigurationList section */
	};
	rootObject = FA36637F1BD7049600A04CEB /* Project object */;
}
